
Microsoft Visual Studio Solution File, Format Version 11.00
# Visual Studio 2010
Project("{F184B08F-C81C-45F6-A57F-5ABD9991F28F}") = "TP 6 Ejercicios 4", "TP 6 Ejercicios 4\TP 6 Ejercicios 4.vbproj", "{30A881E5-DAE7-4BE2-B8C1-86E47C89C040}"
EndProject
Global
	GlobalSection(SolutionConfigurationPlatforms) = preSolution
		Debug|x86 = Debug|x86
		Release|x86 = Release|x86
	EndGlobalSection
	GlobalSection(ProjectConfigurationPlatforms) = postSolution
		{30A881E5-DAE7-4BE2-B8C1-86E47C89C040}.Debug|x86.ActiveCfg = Debug|x86
		{30A881E5-DAE7-4BE2-B8C1-86E47C89C040}.Debug|x86.Build.0 = Debug|x86
		{30A881E5-DAE7-4BE2-B8C1-86E47C89C040}.Release|x86.ActiveCfg = Release|x86
		{30A881E5-DAE7-4BE2-B8C1-86E47C89C040}.Release|x86.Build.0 = Release|x86
	EndGlobalSection
	GlobalSection(SolutionProperties) = preSolution
		HideSolutionNode = FALSE
	EndGlobalSection
EndGlobal
